
Microsoft Visual Studio Solution File, Format Version 12.00
# Visual Studio Version 17
VisualStudioVersion = 17.11.35312.102
MinimumVisualStudioVersion = 10.0.40219.1
Project("{FAE04EC0-301F-11D3-BF4B-00C04F79EFBC}") = "OnionChatBot", "OnionChatBot\OnionChatBot.csproj", "{36B7E59E-6576-4225-AD30-18C50BA10782}"
EndProject
Global
	GlobalSection(SolutionConfigurationPlatforms) = preSolution
		Debug|Any CPU = Debug|Any CPU
		Release|Any CPU = Release|Any CPU
	EndGlobalSection
	GlobalSection(ProjectConfigurationPlatforms) = postSolution
		{36B7E59E-6576-4225-AD30-18C50BA10782}.Debug|Any CPU.ActiveCfg = Debug|Any CPU
		{36B7E59E-6576-4225-AD30-18C50BA10782}.Debug|Any CPU.Build.0 = Debug|Any CPU
		{36B7E59E-6576-4225-AD30-18C50BA10782}.Release|Any CPU.ActiveCfg = Release|Any CPU
		{36B7E59E-6576-4225-AD30-18C50BA10782}.Release|Any CPU.Build.0 = Release|Any CPU
	EndGlobalSection
	GlobalSection(SolutionProperties) = preSolution
		HideSolutionNode = FALSE
	EndGlobalSection
	GlobalSection(ExtensibilityGlobals) = postSolution
		SolutionGuid = {B0382AA0-D3D1-4C29-B370-258711291B88}
	EndGlobalSection
EndGlobal
